// !$*UTF8*$!
{
	archiveVersion = 1;
	classes = {
	};
	objectVersion = 46;
	objects = {

/* Begin PBXBuildFile section */
		19F3713819EE423E004FD321 /* Foundation.framework in Frameworks */ = {isa = PBXBuildFile; fileRef = 19F3713719EE423E004FD321 /* Foundation.framework */; };
		19F3713A19EE423E004FD321 /* CoreGraphics.framework in Frameworks */ = {isa = PBXBuildFile; fileRef = 19F3713919EE423E004FD321 /* CoreGraphics.framework */; };
		19F3713C19EE423E004FD321 /* UIKit.framework in Frameworks */ = {isa = PBXBuildFile; fileRef = 19F3713B19EE423E004FD321 /* UIKit.framework */; };
		19F3714219EE423E004FD321 /* InfoPlist.strings in Resources */ = {isa = PBXBuildFile; fileRef = 19F3714019EE423E004FD321 /* InfoPlist.strings */; };
		19F3714419EE423E004FD321 /* main.m in Sources */ = {isa = PBXBuildFile; fileRef = 19F3714319EE423E004FD321 /* main.m */; };
		19F3714819EE423E004FD321 /* AppDelegate.m in Sources */ = {isa = PBXBuildFile; fileRef = 19F3714719EE423E004FD321 /* AppDelegate.m */; };
		19F3714A19EE423E004FD321 /* Images.xcassets in Resources */ = {isa = PBXBuildFile; fileRef = 19F3714919EE423E004FD321 /* Images.xcassets */; };
		19F3715119EE423E004FD321 /* XCTest.framework in Frameworks */ = {isa = PBXBuildFile; fileRef = 19F3715019EE423E004FD321 /* XCTest.framework */; };
		19F3715219EE423E004FD321 /* Foundation.framework in Frameworks */ = {isa = PBXBuildFile; fileRef = 19F3713719EE423E004FD321 /* Foundation.framework */; };
		19F3715319EE423E004FD321 /* UIKit.framework in Frameworks */ = {isa = PBXBuildFile; fileRef = 19F3713B19EE423E004FD321 /* UIKit.framework */; };
		19F3715B19EE423E004FD321 /* InfoPlist.strings in Resources */ = {isa = PBXBuildFile; fileRef = 19F3715919EE423E004FD321 /* InfoPlist.strings */; };
		19F3715D19EE423E004FD321 /* CoreMotionTests.m in Sources */ = {isa = PBXBuildFile; fileRef = 19F3715C19EE423E004FD321 /* CoreMotionTests.m */; };
		19F3716919EE42D7004FD321 /* ViewController.m in Sources */ = {isa = PBXBuildFile; fileRef = 19F3716719EE42D7004FD321 /* ViewController.m */; };
		19F3716A19EE42D7004FD321 /* ViewController.xib in Resources */ = {isa = PBXBuildFile; fileRef = 19F3716819EE42D7004FD321 /* ViewController.xib */; };
/* End PBXBuildFile section */

/* Begin PBXContainerItemProxy section */
		19F3715419EE423E004FD321 /* PBXContainerItemProxy */ = {
			isa = PBXContainerItemProxy;
			containerPortal = 19F3712C19EE423E004FD321 /* Project object */;
			proxyType = 1;
			remoteGlobalIDString = 19F3713319EE423E004FD321;
			remoteInfo = CoreMotion;
		};
/* End PBXContainerItemProxy section */

/* Begin PBXFileReference section */
		19F3713419EE423E004FD321 /* CoreMotion.app */ = {isa = PBXFileReference; explicitFileType = wrapper.application; includeInIndex = 0; path = CoreMotion.app; sourceTree = BUILT_PRODUCTS_DIR; };
		19F3713719EE423E004FD321 /* Foundation.framework */ = {isa = PBXFileReference; lastKnownFileType = wrapper.framework; name = Foundation.framework; path = System/Library/Frameworks/Foundation.framework; sourceTree = SDKROOT; };
		19F3713919EE423E004FD321 /* CoreGraphics.framework */ = {isa = PBXFileReference; lastKnownFileType = wrapper.framework; name = CoreGraphics.framework; path = System/Library/Frameworks/CoreGraphics.framework; sourceTree = SDKROOT; };
		19F3713B19EE423E004FD321 /* UIKit.framework */ = {isa = PBXFileReference; lastKnownFileType = wrapper.framework; name = UIKit.framework; path = System/Library/Frameworks/UIKit.framework; sourceTree = SDKROOT; };
		19F3713F19EE423E004FD321 /* CoreMotion-Info.plist */ = {isa = PBXFileReference; lastKnownFileType = text.plist.xml; path = "CoreMotion-Info.plist"; sourceTree = "<group>"; };
		19F3714119EE423E004FD321 /* en */ = {isa = PBXFileReference; lastKnownFileType = text.plist.strings; name = en; path = en.lproj/InfoPlist.strings; sourceTree = "<group>"; };
		19F3714319EE423E004FD321 /* main.m */ = {isa = PBXFileReference; lastKnownFileType = sourcecode.c.objc; path = main.m; sourceTree = "<group>"; };
		19F3714519EE423E004FD321 /* CoreMotion-Prefix.pch */ = {isa = PBXFileReference; lastKnownFileType = sourcecode.c.h; path = "CoreMotion-Prefix.pch"; sourceTree = "<group>"; };
		19F3714619EE423E004FD321 /* AppDelegate.h */ = {isa = PBXFileReference; lastKnownFileType = sourcecode.c.h; path = AppDelegate.h; sourceTree = "<group>"; };
		19F3714719EE423E004FD321 /* AppDelegate.m */ = {isa = PBXFileReference; lastKnownFileType = sourcecode.c.objc; path = AppDelegate.m; sourceTree = "<group>"; };
		19F3714919EE423E004FD321 /* Images.xcassets */ = {isa = PBXFileReference; lastKnownFileType = folder.assetcatalog; path = Images.xcassets; sourceTree = "<group>"; };
		19F3714F19EE423E004FD321 /* CoreMotionTests.xctest */ = {isa = PBXFileReference; explicitFileType = wrapper.cfbundle; includeInIndex = 0; path = CoreMotionTests.xctest; sourceTree = BUILT_PRODUCTS_DIR; };
		19F3715019EE423E004FD321 /* XCTest.framework */ = {isa = PBXFileReference; lastKnownFileType = wrapper.framework; name = XCTest.framework; path = Library/Frameworks/XCTest.framework; sourceTree = DEVELOPER_DIR; };
		19F3715819EE423E004FD321 /* CoreMotionTests-Info.plist */ = {isa = PBXFileReference; lastKnownFileType = text.plist.xml; path = "CoreMotionTests-Info.plist"; sourceTree = "<group>"; };
		19F3715A19EE423E004FD321 /* en */ = {isa = PBXFileReference; lastKnownFileType = text.plist.strings; name = en; path = en.lproj/InfoPlist.strings; sourceTree = "<group>"; };
		19F3715C19EE423E004FD321 /* CoreMotionTests.m */ = {isa = PBXFileReference; lastKnownFileType = sourcecode.c.objc; path = CoreMotionTests.m; sourceTree = "<group>"; };
		19F3716619EE42D7004FD321 /* ViewController.h */ = {isa = PBXFileReference; fileEncoding = 4; lastKnownFileType = sourcecode.c.h; path = ViewController.h; sourceTree = "<group>"; };
		19F3716719EE42D7004FD321 /* ViewController.m */ = {isa = PBXFileReference; fileEncoding = 4; lastKnownFileType = sourcecode.c.objc; path = ViewController.m; sourceTree = "<group>"; };
		19F3716819EE42D7004FD321 /* ViewController.xib */ = {isa = PBXFileReference; fileEncoding = 4; lastKnownFileType = file.xib; path = ViewController.xib; sourceTree = "<group>"; };
/* End PBXFileReference section */

/* Begin PBXFrameworksBuildPhase section */
		19F3713119EE423E004FD321 /* Frameworks */ = {
			isa = PBXFrameworksBuildPhase;
			buildActionMask = 2147483647;
			files = (
				19F3713A19EE423E004FD321 /* CoreGraphics.framework in Frameworks */,
				19F3713C19EE423E004FD321 /* UIKit.framework in Frameworks */,
				19F3713819EE423E004FD321 /* Foundation.framework in Frameworks */,
			);
			runOnlyForDeploymentPostprocessing = 0;
		};
		19F3714C19EE423E004FD321 /* Frameworks */ = {
			isa = PBXFrameworksBuildPhase;
			buildActionMask = 2147483647;
			files = (
				19F3715119EE423E004FD321 /* XCTest.framework in Frameworks */,
				19F3715319EE423E004FD321 /* UIKit.framework in Frameworks */,
				19F3715219EE423E004FD321 /* Foundation.framework in Frameworks */,
			);
			runOnlyForDeploymentPostprocessing = 0;
		};
/* End PBXFrameworksBuildPhase section */

/* Begin PBXGroup section */
		19F3712B19EE423E004FD321 = {
			isa = PBXGroup;
			children = (
				19F3713D19EE423E004FD321 /* CoreMotion */,
				19F3715619EE423E004FD321 /* CoreMotionTests */,
				19F3713619EE423E004FD321 /* Frameworks */,
				19F3713519EE423E004FD321 /* Products */,
			);
			sourceTree = "<group>";
		};
		19F3713519EE423E004FD321 /* Products */ = {
			isa = PBXGroup;
			children = (
				19F3713419EE423E004FD321 /* CoreMotion.app */,
				19F3714F19EE423E004FD321 /* CoreMotionTests.xctest */,
			);
			name = Products;
			sourceTree = "<group>";
		};
		19F3713619EE423E004FD321 /* Frameworks */ = {
			isa = PBXGroup;
			children = (
				19F3713719EE423E004FD321 /* Foundation.framework */,
				19F3713919EE423E004FD321 /* CoreGraphics.framework */,
				19F3713B19EE423E004FD321 /* UIKit.framework */,
				19F3715019EE423E004FD321 /* XCTest.framework */,
			);
			name = Frameworks;
			sourceTree = "<group>";
		};
		19F3713D19EE423E004FD321 /* CoreMotion */ = {
			isa = PBXGroup;
			children = (
				19F3714619EE423E004FD321 /* AppDelegate.h */,
				19F3716619EE42D7004FD321 /* ViewController.h */,
				19F3716719EE42D7004FD321 /* ViewController.m */,
				19F3716819EE42D7004FD321 /* ViewController.xib */,
				19F3714719EE423E004FD321 /* AppDelegate.m */,
				19F3714919EE423E004FD321 /* Images.xcassets */,
				19F3713E19EE423E004FD321 /* Supporting Files */,
			);
			path = CoreMotion;
			sourceTree = "<group>";
		};
		19F3713E19EE423E004FD321 /* Supporting Files */ = {
			isa = PBXGroup;
			children = (
				19F3713F19EE423E004FD321 /* CoreMotion-Info.plist */,
				19F3714019EE423E004FD321 /* InfoPlist.strings */,
				19F3714319EE423E004FD321 /* main.m */,
				19F3714519EE423E004FD321 /* CoreMotion-Prefix.pch */,
			);
			name = "Supporting Files";
			sourceTree = "<group>";
		};
		19F3715619EE423E004FD321 /* CoreMotionTests */ = {
			isa = PBXGroup;
			children = (
				19F3715C19EE423E004FD321 /* CoreMotionTests.m */,
				19F3715719EE423E004FD321 /* Supporting Files */,
			);
			path = CoreMotionTests;
			sourceTree = "<group>";
		};
		19F3715719EE423E004FD321 /* Supporting Files */ = {
			isa = PBXGroup;
			children = (
				19F3715819EE423E004FD321 /* CoreMotionTests-Info.plist */,
				19F3715919EE423E004FD321 /* InfoPlist.strings */,
			);
			name = "Supporting Files";
			sourceTree = "<group>";
		};
/* End PBXGroup section */

/* Begin PBXNativeTarget section */
		19F3713319EE423E004FD321 /* CoreMotion */ = {
			isa = PBXNativeTarget;
			buildConfigurationList = 19F3716019EE423E004FD321 /* Build configuration list for PBXNativeTarget "CoreMotion" */;
			buildPhases = (
				19F3713019EE423E004FD321 /* Sources */,
				19F3713119EE423E004FD321 /* Frameworks */,
				19F3713219EE423E004FD321 /* Resources */,
			);
			buildRules = (
			);
			dependencies = (
			);
			name = CoreMotion;
			productName = CoreMotion;
			productReference = 19F3713419EE423E004FD321 /* CoreMotion.app */;
			productType = "com.apple.product-type.application";
		};
		19F3714E19EE423E004FD321 /* CoreMotionTests */ = {
			isa = PBXNativeTarget;
			buildConfigurationList = 19F3716319EE423E004FD321 /* Build configuration list for PBXNativeTarget "CoreMotionTests" */;
			buildPhases = (
				19F3714B19EE423E004FD321 /* Sources */,
				19F3714C19EE423E004FD321 /* Frameworks */,
				19F3714D19EE423E004FD321 /* Resources */,
			);
			buildRules = (
			);
			dependencies = (
				19F3715519EE423E004FD321 /* PBXTargetDependency */,
			);
			name = CoreMotionTests;
			productName = CoreMotionTests;
			productReference = 19F3714F19EE423E004FD321 /* CoreMotionTests.xctest */;
			productType = "com.apple.product-type.bundle.unit-test";
		};
/* End PBXNativeTarget section */

/* Begin PBXProject section */
		19F3712C19EE423E004FD321 /* Project object */ = {
			isa = PBXProject;
			attributes = {
				LastUpgradeCheck = 0510;
				ORGANIZATIONNAME = "Klab Cyscorpions Training Center";
				TargetAttributes = {
					19F3714E19EE423E004FD321 = {
						TestTargetID = 19F3713319EE423E004FD321;
					};
				};
			};
			buildConfigurationList = 19F3712F19EE423E004FD321 /* Build configuration list for PBXProject "CoreMotion" */;
			compatibilityVersion = "Xcode 3.2";
			developmentRegion = English;
			hasScannedForEncodings = 0;
			knownRegions = (
				en,
			);
			mainGroup = 19F3712B19EE423E004FD321;
			productRefGroup = 19F3713519EE423E004FD321 /* Products */;
			projectDirPath = "";
			projectRoot = "";
			targets = (
				19F3713319EE423E004FD321 /* CoreMotion */,
				19F3714E19EE423E004FD321 /* CoreMotionTests */,
			);
		};
/* End PBXProject section */

/* Begin PBXResourcesBuildPhase section */
		19F3713219EE423E004FD321 /* Resources */ = {
			isa = PBXResourcesBuildPhase;
			buildActionMask = 2147483647;
			files = (
				19F3714219EE423E004FD321 /* InfoPlist.strings in Resources */,
				19F3716A19EE42D7004FD321 /* ViewController.xib in Resources */,
				19F3714A19EE423E004FD321 /* Images.xcassets in Resources */,
			);
			runOnlyForDeploymentPostprocessing = 0;
		};
		19F3714D19EE423E004FD321 /* Resources */ = {
			isa = PBXResourcesBuildPhase;
			buildActionMask = 2147483647;
			files = (
				19F3715B19EE423E004FD321 /* InfoPlist.strings in Resources */,
			);
			runOnlyForDeploymentPostprocessing = 0;
		};
/* End PBXResourcesBuildPhase section */

/* Begin PBXSourcesBuildPhase section */
		19F3713019EE423E004FD321 /* Sources */ = {
			isa = PBXSourcesBuildPhase;
			buildActionMask = 2147483647;
			files = (
				19F3716919EE42D7004FD321 /* ViewController.m in Sources */,
				19F3714819EE423E004FD321 /* AppDelegate.m in Sources */,
				19F3714419EE423E004FD321 /* main.m in Sources */,
			);
			runOnlyForDeploymentPostprocessing = 0;
		};
		19F3714B19EE423E004FD321 /* Sources */ = {
			isa = PBXSourcesBuildPhase;
			buildActionMask = 2147483647;
			files = (
				19F3715D19EE423E004FD321 /* CoreMotionTests.m in Sources */,
			);
			runOnlyForDeploymentPostprocessing = 0;
		};
/* End PBXSourcesBuildPhase section */

/* Begin PBXTargetDependency section */
		19F3715519EE423E004FD321 /* PBXTargetDependency */ = {
			isa = PBXTargetDependency;
			target = 19F3713319EE423E004FD321 /* CoreMotion */;
			targetProxy = 19F3715419EE423E004FD321 /* PBXContainerItemProxy */;
		};
/* End PBXTargetDependency section */

/* Begin PBXVariantGroup section */
		19F3714019EE423E004FD321 /* InfoPlist.strings */ = {
			isa = PBXVariantGroup;
			children = (
				19F3714119EE423E004FD321 /* en */,
			);
			name = InfoPlist.strings;
			sourceTree = "<group>";
		};
		19F3715919EE423E004FD321 /* InfoPlist.strings */ = {
			isa = PBXVariantGroup;
			children = (
				19F3715A19EE423E004FD321 /* en */,
			);
			name = InfoPlist.strings;
			sourceTree = "<group>";
		};
/* End PBXVariantGroup section */

/* Begin XCBuildConfiguration section */
		19F3715E19EE423E004FD321 /* Debug */ = {
			isa = XCBuildConfiguration;
			buildSettings = {
				ALWAYS_SEARCH_USER_PATHS = NO;
				CLANG_CXX_LANGUAGE_STANDARD = "gnu++0x";
				CLANG_CXX_LIBRARY = "libc++";
				CLANG_ENABLE_MODULES = YES;
				CLANG_ENABLE_OBJC_ARC = YES;
				CLANG_WARN_BOOL_CONVERSION = YES;
				CLANG_WARN_CONSTANT_CONVERSION = YES;
				CLANG_WARN_DIRECT_OBJC_ISA_USAGE = YES_ERROR;
				CLANG_WARN_EMPTY_BODY = YES;
				CLANG_WARN_ENUM_CONVERSION = YES;
				CLANG_WARN_INT_CONVERSION = YES;
				CLANG_WARN_OBJC_ROOT_CLASS = YES_ERROR;
				CLANG_WARN__DUPLICATE_METHOD_MATCH = YES;
				CODE_SIGN_IDENTITY = "iPhone Distribution: CYSCORPIONS INC";
				"CODE_SIGN_IDENTITY[sdk=iphoneos*]" = "iPhone Distribution: CYSCORPIONS INC";
				COPY_PHASE_STRIP = NO;
				GCC_C_LANGUAGE_STANDARD = gnu99;
				GCC_DYNAMIC_NO_PIC = NO;
				GCC_OPTIMIZATION_LEVEL = 0;
				GCC_PREPROCESSOR_DEFINITIONS = (
					"DEBUG=1",
					"$(inherited)",
				);
				GCC_SYMBOLS_PRIVATE_EXTERN = NO;
				GCC_WARN_64_TO_32_BIT_CONVERSION = YES;
				GCC_WARN_ABOUT_RETURN_TYPE = YES_ERROR;
				GCC_WARN_UNDECLARED_SELECTOR = YES;
				GCC_WARN_UNINITIALIZED_AUTOS = YES_AGGRESSIVE;
				GCC_WARN_UNUSED_FUNCTION = YES;
				GCC_WARN_UNUSED_VARIABLE = YES;
				IPHONEOS_DEPLOYMENT_TARGET = 7.1;
				ONLY_ACTIVE_ARCH = YES;
				SDKROOT = iphoneos;
			};
			name = Debug;
		};
		19F3715F19EE423E004FD321 /* Release */ = {
			isa = XCBuildConfiguration;
			buildSettings = {
				ALWAYS_SEARCH_USER_PATHS = NO;
				CLANG_CXX_LANGUAGE_STANDARD = "gnu++0x";
				CLANG_CXX_LIBRARY = "libc++";
				CLANG_ENABLE_MODULES = YES;
				CLANG_ENABLE_OBJC_ARC = YES;
				CLANG_WARN_BOOL_CONVERSION = YES;
				CLANG_WARN_CONSTANT_CONVERSION = YES;
				CLANG_WARN_DIRECT_OBJC_ISA_USAGE = YES_ERROR;
				CLANG_WARN_EMPTY_BODY = YES;
				CLANG_WARN_ENUM_CONVERSION = YES;
				CLANG_WARN_INT_CONVERSION = YES;
				CLANG_WARN_OBJC_ROOT_CLASS = YES_ERROR;
				CLANG_WARN__DUPLICATE_METHOD_MATCH = YES;
				CODE_SIGN_IDENTITY = "iPhone Distribution: CYSCORPIONS INC";
				"CODE_SIGN_IDENTITY[sdk=iphoneos*]" = "iPhone Distribution: CYSCORPIONS INC";
				COPY_PHASE_STRIP = YES;
				ENABLE_NS_ASSERTIONS = NO;
				GCC_C_LANGUAGE_STANDARD = gnu99;
				GCC_WARN_64_TO_32_BIT_CONVERSION = YES;
				GCC_WARN_ABOUT_RETURN_TYPE = YES_ERROR;
				GCC_WARN_UNDECLARED_SELECTOR = YES;
				GCC_WARN_UNINITIALIZED_AUTOS = YES_AGGRESSIVE;
				GCC_WARN_UNUSED_FUNCTION = YES;
				GCC_WARN_UNUSED_VARIABLE = YES;
				IPHONEOS_DEPLOYMENT_TARGET = 7.1;
				SDKROOT = iphoneos;
				VALIDATE_PRODUCT = YES;
			};
			name = Release;
		};
		19F3716119EE423E004FD321 /* Debug */ = {
			isa = XCBuildConfiguration;
			buildSettings = {
				ASSETCATALOG_COMPILER_APPICON_NAME = AppIcon;
				ASSETCATALOG_COMPILER_LAUNCHIMAGE_NAME = LaunchImage;
				GCC_PRECOMPILE_PREFIX_HEADER = YES;
				GCC_PREFIX_HEADER = "CoreMotion/CoreMotion-Prefix.pch";
				INFOPLIST_FILE = "CoreMotion/CoreMotion-Info.plist";
				PRODUCT_NAME = "$(TARGET_NAME)";
				WRAPPER_EXTENSION = app;
			};
			name = Debug;
		};
		19F3716219EE423E004FD321 /* Release */ = {
			isa = XCBuildConfiguration;
			buildSettings = {
				ASSETCATALOG_COMPILER_APPICON_NAME = AppIcon;
				ASSETCATALOG_COMPILER_LAUNCHIMAGE_NAME = LaunchImage;
				GCC_PRECOMPILE_PREFIX_HEADER = YES;
				GCC_PREFIX_HEADER = "CoreMotion/CoreMotion-Prefix.pch";
				INFOPLIST_FILE = "CoreMotion/CoreMotion-Info.plist";
				PRODUCT_NAME = "$(TARGET_NAME)";
				WRAPPER_EXTENSION = app;
			};
			name = Release;
		};
		19F3716419EE423E004FD321 /* Debug */ = {
			isa = XCBuildConfiguration;
			buildSettings = {
				BUNDLE_LOADER = "$(BUILT_PRODUCTS_DIR)/CoreMotion.app/CoreMotion";
				FRAMEWORK_SEARCH_PATHS = (
					"$(SDKROOT)/Developer/Library/Frameworks",
					"$(inherited)",
					"$(DEVELOPER_FRAMEWORKS_DIR)",
				);
				GCC_PRECOMPILE_PREFIX_HEADER = YES;
				GCC_PREFIX_HEADER = "CoreMotion/CoreMotion-Prefix.pch";
				GCC_PREPROCESSOR_DEFINITIONS = (
					"DEBUG=1",
					"$(inherited)",
				);
				INFOPLIST_FILE = "CoreMotionTests/CoreMotionTests-Info.plist";
				PRODUCT_NAME = "$(TARGET_NAME)";
				TEST_HOST = "$(BUNDLE_LOADER)";
				WRAPPER_EXTENSION = xctest;
			};
			name = Debug;
		};
		19F3716519EE423E004FD321 /* Release */ = {
			isa = XCBuildConfiguration;
			buildSettings = {
				BUNDLE_LOADER = "$(BUILT_PRODUCTS_DIR)/CoreMotion.app/CoreMotion";
				FRAMEWORK_SEARCH_PATHS = (
					"$(SDKROOT)/Developer/Library/Frameworks",
					"$(inherited)",
					"$(DEVELOPER_FRAMEWORKS_DIR)",
				);
				GCC_PRECOMPILE_PREFIX_HEADER = YES;
				GCC_PREFIX_HEADER = "CoreMotion/CoreMotion-Prefix.pch";
				INFOPLIST_FILE = "CoreMotionTests/CoreMotionTests-Info.plist";
				PRODUCT_NAME = "$(TARGET_NAME)";
				TEST_HOST = "$(BUNDLE_LOADER)";
				WRAPPER_EXTENSION = xctest;
			};
			name = Release;
		};
/* End XCBuildConfiguration section */

/* Begin XCConfigurationList section */
		19F3712F19EE423E004FD321 /* Build configuration list for PBXProject "CoreMotion" */ = {
			isa = XCConfigurationList;
			buildConfigurations = (
				19F3715E19EE423E004FD321 /* Debug */,
				19F3715F19EE423E004FD321 /* Release */,
			);
			defaultConfigurationIsVisible = 0;
			defaultConfigurationName = Release;
		};
		19F3716019EE423E004FD321 /* Build configuration list for PBXNativeTarget "CoreMotion" */ = {
			isa = XCConfigurationList;
			buildConfigurations = (
				19F3716119EE423E004FD321 /* Debug */,
				19F3716219EE423E004FD321 /* Release */,
			);
			defaultConfigurationIsVisible = 0;
		};
		19F3716319EE423E004FD321 /* Build configuration list for PBXNativeTarget "CoreMotionTests" */ = {
			isa = XCConfigurationList;
			buildConfigurations = (
				19F3716419EE423E004FD321 /* Debug */,
				19F3716519EE423E004FD321 /* Release */,
			);
			defaultConfigurationIsVisible = 0;
		};
/* End XCConfigurationList section */
	};
	rootObject = 19F3712C19EE423E004FD321 /* Project object */;
}
