// !$*UTF8*$!
{
	archiveVersion = 1;
	classes = {
	};
	objectVersion = 46;
	objects = {

/* Begin PBXBuildFile section */
		19A48EF519EF5F390000FC82 /* LevelViewController.m in Sources */ = {isa = PBXBuildFile; fileRef = 19A48EF419EF5F390000FC82 /* LevelViewController.m */; };
		19A48EF819EF624F0000FC82 /* ItemModel.m in Sources */ = {isa = PBXBuildFile; fileRef = 19A48EF719EF624F0000FC82 /* ItemModel.m */; };
		19A654F319ED10FE0079BCC3 /* Foundation.framework in Frameworks */ = {isa = PBXBuildFile; fileRef = 19A654F219ED10FE0079BCC3 /* Foundation.framework */; };
		19A654F519ED10FE0079BCC3 /* CoreGraphics.framework in Frameworks */ = {isa = PBXBuildFile; fileRef = 19A654F419ED10FE0079BCC3 /* CoreGraphics.framework */; };
		19A654F719ED10FE0079BCC3 /* UIKit.framework in Frameworks */ = {isa = PBXBuildFile; fileRef = 19A654F619ED10FE0079BCC3 /* UIKit.framework */; };
		19A654FD19ED10FE0079BCC3 /* InfoPlist.strings in Resources */ = {isa = PBXBuildFile; fileRef = 19A654FB19ED10FE0079BCC3 /* InfoPlist.strings */; };
		19A654FF19ED10FE0079BCC3 /* main.m in Sources */ = {isa = PBXBuildFile; fileRef = 19A654FE19ED10FE0079BCC3 /* main.m */; };
		19A6550319ED10FE0079BCC3 /* AppDelegate.m in Sources */ = {isa = PBXBuildFile; fileRef = 19A6550219ED10FE0079BCC3 /* AppDelegate.m */; };
		19A6550519ED10FE0079BCC3 /* Images.xcassets in Resources */ = {isa = PBXBuildFile; fileRef = 19A6550419ED10FE0079BCC3 /* Images.xcassets */; };
		19A6550C19ED10FE0079BCC3 /* XCTest.framework in Frameworks */ = {isa = PBXBuildFile; fileRef = 19A6550B19ED10FE0079BCC3 /* XCTest.framework */; };
		19A6550D19ED10FE0079BCC3 /* Foundation.framework in Frameworks */ = {isa = PBXBuildFile; fileRef = 19A654F219ED10FE0079BCC3 /* Foundation.framework */; };
		19A6550E19ED10FE0079BCC3 /* UIKit.framework in Frameworks */ = {isa = PBXBuildFile; fileRef = 19A654F619ED10FE0079BCC3 /* UIKit.framework */; };
		19A6551619ED10FE0079BCC3 /* InfoPlist.strings in Resources */ = {isa = PBXBuildFile; fileRef = 19A6551419ED10FE0079BCC3 /* InfoPlist.strings */; };
		19A6551819ED10FE0079BCC3 /* MVCPatternTests.m in Sources */ = {isa = PBXBuildFile; fileRef = 19A6551719ED10FE0079BCC3 /* MVCPatternTests.m */; };
		19CFB4AE19EE6C9D00788B34 /* MainViewController.m in Sources */ = {isa = PBXBuildFile; fileRef = 19CFB4AD19EE6C9D00788B34 /* MainViewController.m */; };
		19F3723819EE6982004FD321 /* Items.plist in Resources */ = {isa = PBXBuildFile; fileRef = 19F3723719EE6982004FD321 /* Items.plist */; };
/* End PBXBuildFile section */

/* Begin PBXContainerItemProxy section */
		19A6550F19ED10FE0079BCC3 /* PBXContainerItemProxy */ = {
			isa = PBXContainerItemProxy;
			containerPortal = 19A654E719ED10FE0079BCC3 /* Project object */;
			proxyType = 1;
			remoteGlobalIDString = 19A654EE19ED10FE0079BCC3;
			remoteInfo = MVCPattern;
		};
/* End PBXContainerItemProxy section */

/* Begin PBXFileReference section */
		19A48EF319EF5F390000FC82 /* LevelViewController.h */ = {isa = PBXFileReference; fileEncoding = 4; lastKnownFileType = sourcecode.c.h; path = LevelViewController.h; sourceTree = "<group>"; };
		19A48EF419EF5F390000FC82 /* LevelViewController.m */ = {isa = PBXFileReference; fileEncoding = 4; lastKnownFileType = sourcecode.c.objc; path = LevelViewController.m; sourceTree = "<group>"; };
		19A48EF619EF624F0000FC82 /* ItemModel.h */ = {isa = PBXFileReference; fileEncoding = 4; lastKnownFileType = sourcecode.c.h; path = ItemModel.h; sourceTree = "<group>"; };
		19A48EF719EF624F0000FC82 /* ItemModel.m */ = {isa = PBXFileReference; fileEncoding = 4; lastKnownFileType = sourcecode.c.objc; path = ItemModel.m; sourceTree = "<group>"; };
		19A654EF19ED10FE0079BCC3 /* MVCPattern.app */ = {isa = PBXFileReference; explicitFileType = wrapper.application; includeInIndex = 0; path = MVCPattern.app; sourceTree = BUILT_PRODUCTS_DIR; };
		19A654F219ED10FE0079BCC3 /* Foundation.framework */ = {isa = PBXFileReference; lastKnownFileType = wrapper.framework; name = Foundation.framework; path = System/Library/Frameworks/Foundation.framework; sourceTree = SDKROOT; };
		19A654F419ED10FE0079BCC3 /* CoreGraphics.framework */ = {isa = PBXFileReference; lastKnownFileType = wrapper.framework; name = CoreGraphics.framework; path = System/Library/Frameworks/CoreGraphics.framework; sourceTree = SDKROOT; };
		19A654F619ED10FE0079BCC3 /* UIKit.framework */ = {isa = PBXFileReference; lastKnownFileType = wrapper.framework; name = UIKit.framework; path = System/Library/Frameworks/UIKit.framework; sourceTree = SDKROOT; };
		19A654FA19ED10FE0079BCC3 /* MVCPattern-Info.plist */ = {isa = PBXFileReference; lastKnownFileType = text.plist.xml; path = "MVCPattern-Info.plist"; sourceTree = "<group>"; };
		19A654FC19ED10FE0079BCC3 /* en */ = {isa = PBXFileReference; lastKnownFileType = text.plist.strings; name = en; path = en.lproj/InfoPlist.strings; sourceTree = "<group>"; };
		19A654FE19ED10FE0079BCC3 /* main.m */ = {isa = PBXFileReference; lastKnownFileType = sourcecode.c.objc; path = main.m; sourceTree = "<group>"; };
		19A6550019ED10FE0079BCC3 /* MVCPattern-Prefix.pch */ = {isa = PBXFileReference; lastKnownFileType = sourcecode.c.h; path = "MVCPattern-Prefix.pch"; sourceTree = "<group>"; };
		19A6550119ED10FE0079BCC3 /* AppDelegate.h */ = {isa = PBXFileReference; lastKnownFileType = sourcecode.c.h; path = AppDelegate.h; sourceTree = "<group>"; };
		19A6550219ED10FE0079BCC3 /* AppDelegate.m */ = {isa = PBXFileReference; lastKnownFileType = sourcecode.c.objc; path = AppDelegate.m; sourceTree = "<group>"; };
		19A6550419ED10FE0079BCC3 /* Images.xcassets */ = {isa = PBXFileReference; lastKnownFileType = folder.assetcatalog; path = Images.xcassets; sourceTree = "<group>"; };
		19A6550A19ED10FE0079BCC3 /* MVCPatternTests.xctest */ = {isa = PBXFileReference; explicitFileType = wrapper.cfbundle; includeInIndex = 0; path = MVCPatternTests.xctest; sourceTree = BUILT_PRODUCTS_DIR; };
		19A6550B19ED10FE0079BCC3 /* XCTest.framework */ = {isa = PBXFileReference; lastKnownFileType = wrapper.framework; name = XCTest.framework; path = Library/Frameworks/XCTest.framework; sourceTree = DEVELOPER_DIR; };
		19A6551319ED10FE0079BCC3 /* MVCPatternTests-Info.plist */ = {isa = PBXFileReference; lastKnownFileType = text.plist.xml; path = "MVCPatternTests-Info.plist"; sourceTree = "<group>"; };
		19A6551519ED10FE0079BCC3 /* en */ = {isa = PBXFileReference; lastKnownFileType = text.plist.strings; name = en; path = en.lproj/InfoPlist.strings; sourceTree = "<group>"; };
		19A6551719ED10FE0079BCC3 /* MVCPatternTests.m */ = {isa = PBXFileReference; lastKnownFileType = sourcecode.c.objc; path = MVCPatternTests.m; sourceTree = "<group>"; };
		19CFB4AC19EE6C9D00788B34 /* MainViewController.h */ = {isa = PBXFileReference; fileEncoding = 4; lastKnownFileType = sourcecode.c.h; name = MainViewController.h; path = ../MainViewController.h; sourceTree = "<group>"; };
		19CFB4AD19EE6C9D00788B34 /* MainViewController.m */ = {isa = PBXFileReference; fileEncoding = 4; lastKnownFileType = sourcecode.c.objc; name = MainViewController.m; path = ../MainViewController.m; sourceTree = "<group>"; };
		19F3723719EE6982004FD321 /* Items.plist */ = {isa = PBXFileReference; fileEncoding = 4; lastKnownFileType = text.plist.xml; path = Items.plist; sourceTree = "<group>"; };
/* End PBXFileReference section */

/* Begin PBXFrameworksBuildPhase section */
		19A654EC19ED10FE0079BCC3 /* Frameworks */ = {
			isa = PBXFrameworksBuildPhase;
			buildActionMask = 2147483647;
			files = (
				19A654F519ED10FE0079BCC3 /* CoreGraphics.framework in Frameworks */,
				19A654F719ED10FE0079BCC3 /* UIKit.framework in Frameworks */,
				19A654F319ED10FE0079BCC3 /* Foundation.framework in Frameworks */,
			);
			runOnlyForDeploymentPostprocessing = 0;
		};
		19A6550719ED10FE0079BCC3 /* Frameworks */ = {
			isa = PBXFrameworksBuildPhase;
			buildActionMask = 2147483647;
			files = (
				19A6550C19ED10FE0079BCC3 /* XCTest.framework in Frameworks */,
				19A6550E19ED10FE0079BCC3 /* UIKit.framework in Frameworks */,
				19A6550D19ED10FE0079BCC3 /* Foundation.framework in Frameworks */,
			);
			runOnlyForDeploymentPostprocessing = 0;
		};
/* End PBXFrameworksBuildPhase section */

/* Begin PBXGroup section */
		19A654E619ED10FE0079BCC3 = {
			isa = PBXGroup;
			children = (
				19A654F819ED10FE0079BCC3 /* MVCPattern */,
				19A6551119ED10FE0079BCC3 /* MVCPatternTests */,
				19A654F119ED10FE0079BCC3 /* Frameworks */,
				19A654F019ED10FE0079BCC3 /* Products */,
			);
			sourceTree = "<group>";
		};
		19A654F019ED10FE0079BCC3 /* Products */ = {
			isa = PBXGroup;
			children = (
				19A654EF19ED10FE0079BCC3 /* MVCPattern.app */,
				19A6550A19ED10FE0079BCC3 /* MVCPatternTests.xctest */,
			);
			name = Products;
			sourceTree = "<group>";
		};
		19A654F119ED10FE0079BCC3 /* Frameworks */ = {
			isa = PBXGroup;
			children = (
				19A654F219ED10FE0079BCC3 /* Foundation.framework */,
				19A654F419ED10FE0079BCC3 /* CoreGraphics.framework */,
				19A654F619ED10FE0079BCC3 /* UIKit.framework */,
				19A6550B19ED10FE0079BCC3 /* XCTest.framework */,
			);
			name = Frameworks;
			sourceTree = "<group>";
		};
		19A654F819ED10FE0079BCC3 /* MVCPattern */ = {
			isa = PBXGroup;
			children = (
				19A6550119ED10FE0079BCC3 /* AppDelegate.h */,
				19CFB4AC19EE6C9D00788B34 /* MainViewController.h */,
				19CFB4AD19EE6C9D00788B34 /* MainViewController.m */,
				19A48EF319EF5F390000FC82 /* LevelViewController.h */,
				19A48EF419EF5F390000FC82 /* LevelViewController.m */,
				19A48EF619EF624F0000FC82 /* ItemModel.h */,
				19A48EF719EF624F0000FC82 /* ItemModel.m */,
				19A6550219ED10FE0079BCC3 /* AppDelegate.m */,
				19A6550419ED10FE0079BCC3 /* Images.xcassets */,
				19A654F919ED10FE0079BCC3 /* Supporting Files */,
			);
			path = MVCPattern;
			sourceTree = "<group>";
		};
		19A654F919ED10FE0079BCC3 /* Supporting Files */ = {
			isa = PBXGroup;
			children = (
				19A654FA19ED10FE0079BCC3 /* MVCPattern-Info.plist */,
				19A654FB19ED10FE0079BCC3 /* InfoPlist.strings */,
				19A654FE19ED10FE0079BCC3 /* main.m */,
				19A6550019ED10FE0079BCC3 /* MVCPattern-Prefix.pch */,
			);
			name = "Supporting Files";
			sourceTree = "<group>";
		};
		19A6551119ED10FE0079BCC3 /* MVCPatternTests */ = {
			isa = PBXGroup;
			children = (
				19A6551719ED10FE0079BCC3 /* MVCPatternTests.m */,
				19A6551219ED10FE0079BCC3 /* Supporting Files */,
			);
			path = MVCPatternTests;
			sourceTree = "<group>";
		};
		19A6551219ED10FE0079BCC3 /* Supporting Files */ = {
			isa = PBXGroup;
			children = (
				19A6551319ED10FE0079BCC3 /* MVCPatternTests-Info.plist */,
				19A6551419ED10FE0079BCC3 /* InfoPlist.strings */,
				19F3723719EE6982004FD321 /* Items.plist */,
			);
			name = "Supporting Files";
			sourceTree = "<group>";
		};
/* End PBXGroup section */

/* Begin PBXNativeTarget section */
		19A654EE19ED10FE0079BCC3 /* MVCPattern */ = {
			isa = PBXNativeTarget;
			buildConfigurationList = 19A6551B19ED10FE0079BCC3 /* Build configuration list for PBXNativeTarget "MVCPattern" */;
			buildPhases = (
				19A654EB19ED10FE0079BCC3 /* Sources */,
				19A654EC19ED10FE0079BCC3 /* Frameworks */,
				19A654ED19ED10FE0079BCC3 /* Resources */,
			);
			buildRules = (
			);
			dependencies = (
			);
			name = MVCPattern;
			productName = MVCPattern;
			productReference = 19A654EF19ED10FE0079BCC3 /* MVCPattern.app */;
			productType = "com.apple.product-type.application";
		};
		19A6550919ED10FE0079BCC3 /* MVCPatternTests */ = {
			isa = PBXNativeTarget;
			buildConfigurationList = 19A6551E19ED10FE0079BCC3 /* Build configuration list for PBXNativeTarget "MVCPatternTests" */;
			buildPhases = (
				19A6550619ED10FE0079BCC3 /* Sources */,
				19A6550719ED10FE0079BCC3 /* Frameworks */,
				19A6550819ED10FE0079BCC3 /* Resources */,
			);
			buildRules = (
			);
			dependencies = (
				19A6551019ED10FE0079BCC3 /* PBXTargetDependency */,
			);
			name = MVCPatternTests;
			productName = MVCPatternTests;
			productReference = 19A6550A19ED10FE0079BCC3 /* MVCPatternTests.xctest */;
			productType = "com.apple.product-type.bundle.unit-test";
		};
/* End PBXNativeTarget section */

/* Begin PBXProject section */
		19A654E719ED10FE0079BCC3 /* Project object */ = {
			isa = PBXProject;
			attributes = {
				LastUpgradeCheck = 0510;
				ORGANIZATIONNAME = "Klab Cyscorpions Training Center";
				TargetAttributes = {
					19A6550919ED10FE0079BCC3 = {
						TestTargetID = 19A654EE19ED10FE0079BCC3;
					};
				};
			};
			buildConfigurationList = 19A654EA19ED10FE0079BCC3 /* Build configuration list for PBXProject "MVCPattern" */;
			compatibilityVersion = "Xcode 3.2";
			developmentRegion = English;
			hasScannedForEncodings = 0;
			knownRegions = (
				en,
			);
			mainGroup = 19A654E619ED10FE0079BCC3;
			productRefGroup = 19A654F019ED10FE0079BCC3 /* Products */;
			projectDirPath = "";
			projectRoot = "";
			targets = (
				19A654EE19ED10FE0079BCC3 /* MVCPattern */,
				19A6550919ED10FE0079BCC3 /* MVCPatternTests */,
			);
		};
/* End PBXProject section */

/* Begin PBXResourcesBuildPhase section */
		19A654ED19ED10FE0079BCC3 /* Resources */ = {
			isa = PBXResourcesBuildPhase;
			buildActionMask = 2147483647;
			files = (
				19A654FD19ED10FE0079BCC3 /* InfoPlist.strings in Resources */,
				19A6550519ED10FE0079BCC3 /* Images.xcassets in Resources */,
			);
			runOnlyForDeploymentPostprocessing = 0;
		};
		19A6550819ED10FE0079BCC3 /* Resources */ = {
			isa = PBXResourcesBuildPhase;
			buildActionMask = 2147483647;
			files = (
				19A6551619ED10FE0079BCC3 /* InfoPlist.strings in Resources */,
				19F3723819EE6982004FD321 /* Items.plist in Resources */,
			);
			runOnlyForDeploymentPostprocessing = 0;
		};
/* End PBXResourcesBuildPhase section */

/* Begin PBXSourcesBuildPhase section */
		19A654EB19ED10FE0079BCC3 /* Sources */ = {
			isa = PBXSourcesBuildPhase;
			buildActionMask = 2147483647;
			files = (
				19A6550319ED10FE0079BCC3 /* AppDelegate.m in Sources */,
				19A48EF819EF624F0000FC82 /* ItemModel.m in Sources */,
				19CFB4AE19EE6C9D00788B34 /* MainViewController.m in Sources */,
				19A654FF19ED10FE0079BCC3 /* main.m in Sources */,
				19A48EF519EF5F390000FC82 /* LevelViewController.m in Sources */,
			);
			runOnlyForDeploymentPostprocessing = 0;
		};
		19A6550619ED10FE0079BCC3 /* Sources */ = {
			isa = PBXSourcesBuildPhase;
			buildActionMask = 2147483647;
			files = (
				19A6551819ED10FE0079BCC3 /* MVCPatternTests.m in Sources */,
			);
			runOnlyForDeploymentPostprocessing = 0;
		};
/* End PBXSourcesBuildPhase section */

/* Begin PBXTargetDependency section */
		19A6551019ED10FE0079BCC3 /* PBXTargetDependency */ = {
			isa = PBXTargetDependency;
			target = 19A654EE19ED10FE0079BCC3 /* MVCPattern */;
			targetProxy = 19A6550F19ED10FE0079BCC3 /* PBXContainerItemProxy */;
		};
/* End PBXTargetDependency section */

/* Begin PBXVariantGroup section */
		19A654FB19ED10FE0079BCC3 /* InfoPlist.strings */ = {
			isa = PBXVariantGroup;
			children = (
				19A654FC19ED10FE0079BCC3 /* en */,
			);
			name = InfoPlist.strings;
			sourceTree = "<group>";
		};
		19A6551419ED10FE0079BCC3 /* InfoPlist.strings */ = {
			isa = PBXVariantGroup;
			children = (
				19A6551519ED10FE0079BCC3 /* en */,
			);
			name = InfoPlist.strings;
			sourceTree = "<group>";
		};
/* End PBXVariantGroup section */

/* Begin XCBuildConfiguration section */
		19A6551919ED10FE0079BCC3 /* Debug */ = {
			isa = XCBuildConfiguration;
			buildSettings = {
				ALWAYS_SEARCH_USER_PATHS = NO;
				CLANG_CXX_LANGUAGE_STANDARD = "gnu++0x";
				CLANG_CXX_LIBRARY = "libc++";
				CLANG_ENABLE_MODULES = YES;
				CLANG_ENABLE_OBJC_ARC = YES;
				CLANG_WARN_BOOL_CONVERSION = YES;
				CLANG_WARN_CONSTANT_CONVERSION = YES;
				CLANG_WARN_DIRECT_OBJC_ISA_USAGE = YES_ERROR;
				CLANG_WARN_EMPTY_BODY = YES;
				CLANG_WARN_ENUM_CONVERSION = YES;
				CLANG_WARN_INT_CONVERSION = YES;
				CLANG_WARN_OBJC_ROOT_CLASS = YES_ERROR;
				CLANG_WARN__DUPLICATE_METHOD_MATCH = YES;
				CODE_SIGN_IDENTITY = "iPhone Distribution: CYSCORPIONS INC";
				"CODE_SIGN_IDENTITY[sdk=iphoneos*]" = "iPhone Distribution: CYSCORPIONS INC";
				COPY_PHASE_STRIP = NO;
				GCC_C_LANGUAGE_STANDARD = gnu99;
				GCC_DYNAMIC_NO_PIC = NO;
				GCC_OPTIMIZATION_LEVEL = 0;
				GCC_PREPROCESSOR_DEFINITIONS = (
					"DEBUG=1",
					"$(inherited)",
				);
				GCC_SYMBOLS_PRIVATE_EXTERN = NO;
				GCC_WARN_64_TO_32_BIT_CONVERSION = YES;
				GCC_WARN_ABOUT_RETURN_TYPE = YES_ERROR;
				GCC_WARN_UNDECLARED_SELECTOR = YES;
				GCC_WARN_UNINITIALIZED_AUTOS = YES_AGGRESSIVE;
				GCC_WARN_UNUSED_FUNCTION = YES;
				GCC_WARN_UNUSED_VARIABLE = YES;
				IPHONEOS_DEPLOYMENT_TARGET = 7.1;
				ONLY_ACTIVE_ARCH = YES;
				SDKROOT = iphoneos;
			};
			name = Debug;
		};
		19A6551A19ED10FE0079BCC3 /* Release */ = {
			isa = XCBuildConfiguration;
			buildSettings = {
				ALWAYS_SEARCH_USER_PATHS = NO;
				CLANG_CXX_LANGUAGE_STANDARD = "gnu++0x";
				CLANG_CXX_LIBRARY = "libc++";
				CLANG_ENABLE_MODULES = YES;
				CLANG_ENABLE_OBJC_ARC = YES;
				CLANG_WARN_BOOL_CONVERSION = YES;
				CLANG_WARN_CONSTANT_CONVERSION = YES;
				CLANG_WARN_DIRECT_OBJC_ISA_USAGE = YES_ERROR;
				CLANG_WARN_EMPTY_BODY = YES;
				CLANG_WARN_ENUM_CONVERSION = YES;
				CLANG_WARN_INT_CONVERSION = YES;
				CLANG_WARN_OBJC_ROOT_CLASS = YES_ERROR;
				CLANG_WARN__DUPLICATE_METHOD_MATCH = YES;
				CODE_SIGN_IDENTITY = "iPhone Distribution: CYSCORPIONS INC";
				"CODE_SIGN_IDENTITY[sdk=iphoneos*]" = "iPhone Distribution: CYSCORPIONS INC";
				COPY_PHASE_STRIP = YES;
				ENABLE_NS_ASSERTIONS = NO;
				GCC_C_LANGUAGE_STANDARD = gnu99;
				GCC_WARN_64_TO_32_BIT_CONVERSION = YES;
				GCC_WARN_ABOUT_RETURN_TYPE = YES_ERROR;
				GCC_WARN_UNDECLARED_SELECTOR = YES;
				GCC_WARN_UNINITIALIZED_AUTOS = YES_AGGRESSIVE;
				GCC_WARN_UNUSED_FUNCTION = YES;
				GCC_WARN_UNUSED_VARIABLE = YES;
				IPHONEOS_DEPLOYMENT_TARGET = 7.1;
				SDKROOT = iphoneos;
				VALIDATE_PRODUCT = YES;
			};
			name = Release;
		};
		19A6551C19ED10FE0079BCC3 /* Debug */ = {
			isa = XCBuildConfiguration;
			buildSettings = {
				ASSETCATALOG_COMPILER_APPICON_NAME = AppIcon;
				ASSETCATALOG_COMPILER_LAUNCHIMAGE_NAME = LaunchImage;
				GCC_PRECOMPILE_PREFIX_HEADER = YES;
				GCC_PREFIX_HEADER = "MVCPattern/MVCPattern-Prefix.pch";
				INFOPLIST_FILE = "MVCPattern/MVCPattern-Info.plist";
				PRODUCT_NAME = "$(TARGET_NAME)";
				WRAPPER_EXTENSION = app;
			};
			name = Debug;
		};
		19A6551D19ED10FE0079BCC3 /* Release */ = {
			isa = XCBuildConfiguration;
			buildSettings = {
				ASSETCATALOG_COMPILER_APPICON_NAME = AppIcon;
				ASSETCATALOG_COMPILER_LAUNCHIMAGE_NAME = LaunchImage;
				GCC_PRECOMPILE_PREFIX_HEADER = YES;
				GCC_PREFIX_HEADER = "MVCPattern/MVCPattern-Prefix.pch";
				INFOPLIST_FILE = "MVCPattern/MVCPattern-Info.plist";
				PRODUCT_NAME = "$(TARGET_NAME)";
				WRAPPER_EXTENSION = app;
			};
			name = Release;
		};
		19A6551F19ED10FE0079BCC3 /* Debug */ = {
			isa = XCBuildConfiguration;
			buildSettings = {
				BUNDLE_LOADER = "$(BUILT_PRODUCTS_DIR)/MVCPattern.app/MVCPattern";
				FRAMEWORK_SEARCH_PATHS = (
					"$(SDKROOT)/Developer/Library/Frameworks",
					"$(inherited)",
					"$(DEVELOPER_FRAMEWORKS_DIR)",
				);
				GCC_PRECOMPILE_PREFIX_HEADER = YES;
				GCC_PREFIX_HEADER = "MVCPattern/MVCPattern-Prefix.pch";
				GCC_PREPROCESSOR_DEFINITIONS = (
					"DEBUG=1",
					"$(inherited)",
				);
				INFOPLIST_FILE = "MVCPatternTests/MVCPatternTests-Info.plist";
				PRODUCT_NAME = "$(TARGET_NAME)";
				TEST_HOST = "$(BUNDLE_LOADER)";
				WRAPPER_EXTENSION = xctest;
			};
			name = Debug;
		};
		19A6552019ED10FE0079BCC3 /* Release */ = {
			isa = XCBuildConfiguration;
			buildSettings = {
				BUNDLE_LOADER = "$(BUILT_PRODUCTS_DIR)/MVCPattern.app/MVCPattern";
				FRAMEWORK_SEARCH_PATHS = (
					"$(SDKROOT)/Developer/Library/Frameworks",
					"$(inherited)",
					"$(DEVELOPER_FRAMEWORKS_DIR)",
				);
				GCC_PRECOMPILE_PREFIX_HEADER = YES;
				GCC_PREFIX_HEADER = "MVCPattern/MVCPattern-Prefix.pch";
				INFOPLIST_FILE = "MVCPatternTests/MVCPatternTests-Info.plist";
				PRODUCT_NAME = "$(TARGET_NAME)";
				TEST_HOST = "$(BUNDLE_LOADER)";
				WRAPPER_EXTENSION = xctest;
			};
			name = Release;
		};
/* End XCBuildConfiguration section */

/* Begin XCConfigurationList section */
		19A654EA19ED10FE0079BCC3 /* Build configuration list for PBXProject "MVCPattern" */ = {
			isa = XCConfigurationList;
			buildConfigurations = (
				19A6551919ED10FE0079BCC3 /* Debug */,
				19A6551A19ED10FE0079BCC3 /* Release */,
			);
			defaultConfigurationIsVisible = 0;
			defaultConfigurationName = Release;
		};
		19A6551B19ED10FE0079BCC3 /* Build configuration list for PBXNativeTarget "MVCPattern" */ = {
			isa = XCConfigurationList;
			buildConfigurations = (
				19A6551C19ED10FE0079BCC3 /* Debug */,
				19A6551D19ED10FE0079BCC3 /* Release */,
			);
			defaultConfigurationIsVisible = 0;
			defaultConfigurationName = Release;
		};
		19A6551E19ED10FE0079BCC3 /* Build configuration list for PBXNativeTarget "MVCPatternTests" */ = {
			isa = XCConfigurationList;
			buildConfigurations = (
				19A6551F19ED10FE0079BCC3 /* Debug */,
				19A6552019ED10FE0079BCC3 /* Release */,
			);
			defaultConfigurationIsVisible = 0;
			defaultConfigurationName = Release;
		};
/* End XCConfigurationList section */
	};
	rootObject = 19A654E719ED10FE0079BCC3 /* Project object */;
}
